// !$*UTF8*$!
{
	archiveVersion = 1;
	classes = {
	};
	objectVersion = 50;
	objects = {

/* Begin PBXBuildFile section */
		2292422126D38FB5006DB98E /* AppDelegate.m in Sources */ = {isa = PBXBuildFile; fileRef = 2292422026D38FB5006DB98E /* AppDelegate.m */; };
		2292422426D38FB5006DB98E /* SceneDelegate.m in Sources */ = {isa = PBXBuildFile; fileRef = 2292422326D38FB5006DB98E /* SceneDelegate.m */; };
		2292422726D38FB5006DB98E /* ViewController.m in Sources */ = {isa = PBXBuildFile; fileRef = 2292422626D38FB5006DB98E /* ViewController.m */; };
		2292422A26D38FB5006DB98E /* Main.storyboard in Resources */ = {isa = PBXBuildFile; fileRef = 2292422826D38FB5006DB98E /* Main.storyboard */; };
		2292422C26D38FB6006DB98E /* Assets.xcassets in Resources */ = {isa = PBXBuildFile; fileRef = 2292422B26D38FB6006DB98E /* Assets.xcassets */; };
		2292422F26D38FB6006DB98E /* LaunchScreen.storyboard in Resources */ = {isa = PBXBuildFile; fileRef = 2292422D26D38FB6006DB98E /* LaunchScreen.storyboard */; };
		2292423226D38FB6006DB98E /* main.m in Sources */ = {isa = PBXBuildFile; fileRef = 2292423126D38FB6006DB98E /* main.m */; };
		2292423C26D38FB6006DB98E /* TextFieldTests.m in Sources */ = {isa = PBXBuildFile; fileRef = 2292423B26D38FB6006DB98E /* TextFieldTests.m */; };
		2292424726D38FB6006DB98E /* TextFieldUITests.m in Sources */ = {isa = PBXBuildFile; fileRef = 2292424626D38FB6006DB98E /* TextFieldUITests.m */; };
/* End PBXBuildFile section */

/* Begin PBXContainerItemProxy section */
		2292423826D38FB6006DB98E /* PBXContainerItemProxy */ = {
			isa = PBXContainerItemProxy;
			containerPortal = 2292421426D38FB5006DB98E /* Project object */;
			proxyType = 1;
			remoteGlobalIDString = 2292421B26D38FB5006DB98E;
			remoteInfo = TextField;
		};
		2292424326D38FB6006DB98E /* PBXContainerItemProxy */ = {
			isa = PBXContainerItemProxy;
			containerPortal = 2292421426D38FB5006DB98E /* Project object */;
			proxyType = 1;
			remoteGlobalIDString = 2292421B26D38FB5006DB98E;
			remoteInfo = TextField;
		};
/* End PBXContainerItemProxy section */

/* Begin PBXFileReference section */
		2292421C26D38FB5006DB98E /* TextField.app */ = {isa = PBXFileReference; explicitFileType = wrapper.application; includeInIndex = 0; path = TextField.app; sourceTree = BUILT_PRODUCTS_DIR; };
		2292421F26D38FB5006DB98E /* AppDelegate.h */ = {isa = PBXFileReference; lastKnownFileType = sourcecode.c.h; path = AppDelegate.h; sourceTree = "<group>"; };
		2292422026D38FB5006DB98E /* AppDelegate.m */ = {isa = PBXFileReference; lastKnownFileType = sourcecode.c.objc; path = AppDelegate.m; sourceTree = "<group>"; };
		2292422226D38FB5006DB98E /* SceneDelegate.h */ = {isa = PBXFileReference; lastKnownFileType = sourcecode.c.h; path = SceneDelegate.h; sourceTree = "<group>"; };
		2292422326D38FB5006DB98E /* SceneDelegate.m */ = {isa = PBXFileReference; lastKnownFileType = sourcecode.c.objc; path = SceneDelegate.m; sourceTree = "<group>"; };
		2292422526D38FB5006DB98E /* ViewController.h */ = {isa = PBXFileReference; lastKnownFileType = sourcecode.c.h; path = ViewController.h; sourceTree = "<group>"; };
		2292422626D38FB5006DB98E /* ViewController.m */ = {isa = PBXFileReference; lastKnownFileType = sourcecode.c.objc; path = ViewController.m; sourceTree = "<group>"; };
		2292422926D38FB5006DB98E /* Base */ = {isa = PBXFileReference; lastKnownFileType = file.storyboard; name = Base; path = Base.lproj/Main.storyboard; sourceTree = "<group>"; };
		2292422B26D38FB6006DB98E /* Assets.xcassets */ = {isa = PBXFileReference; lastKnownFileType = folder.assetcatalog; path = Assets.xcassets; sourceTree = "<group>"; };
		2292422E26D38FB6006DB98E /* Base */ = {isa = PBXFileReference; lastKnownFileType = file.storyboard; name = Base; path = Base.lproj/LaunchScreen.storyboard; sourceTree = "<group>"; };
		2292423026D38FB6006DB98E /* Info.plist */ = {isa = PBXFileReference; lastKnownFileType = text.plist.xml; path = Info.plist; sourceTree = "<group>"; };
		2292423126D38FB6006DB98E /* main.m */ = {isa = PBXFileReference; lastKnownFileType = sourcecode.c.objc; path = main.m; sourceTree = "<group>"; };
		2292423726D38FB6006DB98E /* TextFieldTests.xctest */ = {isa = PBXFileReference; explicitFileType = wrapper.cfbundle; includeInIndex = 0; path = TextFieldTests.xctest; sourceTree = BUILT_PRODUCTS_DIR; };
		2292423B26D38FB6006DB98E /* TextFieldTests.m */ = {isa = PBXFileReference; lastKnownFileType = sourcecode.c.objc; path = TextFieldTests.m; sourceTree = "<group>"; };
		2292423D26D38FB6006DB98E /* Info.plist */ = {isa = PBXFileReference; lastKnownFileType = text.plist.xml; path = Info.plist; sourceTree = "<group>"; };
		2292424226D38FB6006DB98E /* TextFieldUITests.xctest */ = {isa = PBXFileReference; explicitFileType = wrapper.cfbundle; includeInIndex = 0; path = TextFieldUITests.xctest; sourceTree = BUILT_PRODUCTS_DIR; };
		2292424626D38FB6006DB98E /* TextFieldUITests.m */ = {isa = PBXFileReference; lastKnownFileType = sourcecode.c.objc; path = TextFieldUITests.m; sourceTree = "<group>"; };
		2292424826D38FB6006DB98E /* Info.plist */ = {isa = PBXFileReference; lastKnownFileType = text.plist.xml; path = Info.plist; sourceTree = "<group>"; };
/* End PBXFileReference section */

/* Begin PBXFrameworksBuildPhase section */
		2292421926D38FB5006DB98E /* Frameworks */ = {
			isa = PBXFrameworksBuildPhase;
			buildActionMask = 2147483647;
			files = (
			);
			runOnlyForDeploymentPostprocessing = 0;
		};
		2292423426D38FB6006DB98E /* Frameworks */ = {
			isa = PBXFrameworksBuildPhase;
			buildActionMask = 2147483647;
			files = (
			);
			runOnlyForDeploymentPostprocessing = 0;
		};
		2292423F26D38FB6006DB98E /* Frameworks */ = {
			isa = PBXFrameworksBuildPhase;
			buildActionMask = 2147483647;
			files = (
			);
			runOnlyForDeploymentPostprocessing = 0;
		};
/* End PBXFrameworksBuildPhase section */

/* Begin PBXGroup section */
		2292421326D38FB5006DB98E = {
			isa = PBXGroup;
			children = (
				2292421E26D38FB5006DB98E /* TextField */,
				2292423A26D38FB6006DB98E /* TextFieldTests */,
				2292424526D38FB6006DB98E /* TextFieldUITests */,
				2292421D26D38FB5006DB98E /* Products */,
			);
			sourceTree = "<group>";
		};
		2292421D26D38FB5006DB98E /* Products */ = {
			isa = PBXGroup;
			children = (
				2292421C26D38FB5006DB98E /* TextField.app */,
				2292423726D38FB6006DB98E /* TextFieldTests.xctest */,
				2292424226D38FB6006DB98E /* TextFieldUITests.xctest */,
			);
			name = Products;
			sourceTree = "<group>";
		};
		2292421E26D38FB5006DB98E /* TextField */ = {
			isa = PBXGroup;
			children = (
				2292421F26D38FB5006DB98E /* AppDelegate.h */,
				2292422026D38FB5006DB98E /* AppDelegate.m */,
				2292422226D38FB5006DB98E /* SceneDelegate.h */,
				2292422326D38FB5006DB98E /* SceneDelegate.m */,
				2292422526D38FB5006DB98E /* ViewController.h */,
				2292422626D38FB5006DB98E /* ViewController.m */,
				2292422826D38FB5006DB98E /* Main.storyboard */,
				2292422B26D38FB6006DB98E /* Assets.xcassets */,
				2292422D26D38FB6006DB98E /* LaunchScreen.storyboard */,
				2292423026D38FB6006DB98E /* Info.plist */,
				2292423126D38FB6006DB98E /* main.m */,
			);
			path = TextField;
			sourceTree = "<group>";
		};
		2292423A26D38FB6006DB98E /* TextFieldTests */ = {
			isa = PBXGroup;
			children = (
				2292423B26D38FB6006DB98E /* TextFieldTests.m */,
				2292423D26D38FB6006DB98E /* Info.plist */,
			);
			path = TextFieldTests;
			sourceTree = "<group>";
		};
		2292424526D38FB6006DB98E /* TextFieldUITests */ = {
			isa = PBXGroup;
			children = (
				2292424626D38FB6006DB98E /* TextFieldUITests.m */,
				2292424826D38FB6006DB98E /* Info.plist */,
			);
			path = TextFieldUITests;
			sourceTree = "<group>";
		};
/* End PBXGroup section */

/* Begin PBXNativeTarget section */
		2292421B26D38FB5006DB98E /* TextField */ = {
			isa = PBXNativeTarget;
			buildConfigurationList = 2292424B26D38FB6006DB98E /* Build configuration list for PBXNativeTarget "TextField" */;
			buildPhases = (
				2292421826D38FB5006DB98E /* Sources */,
				2292421926D38FB5006DB98E /* Frameworks */,
				2292421A26D38FB5006DB98E /* Resources */,
			);
			buildRules = (
			);
			dependencies = (
			);
			name = TextField;
			productName = TextField;
			productReference = 2292421C26D38FB5006DB98E /* TextField.app */;
			productType = "com.apple.product-type.application";
		};
		2292423626D38FB6006DB98E /* TextFieldTests */ = {
			isa = PBXNativeTarget;
			buildConfigurationList = 2292424E26D38FB6006DB98E /* Build configuration list for PBXNativeTarget "TextFieldTests" */;
			buildPhases = (
				2292423326D38FB6006DB98E /* Sources */,
				2292423426D38FB6006DB98E /* Frameworks */,
				2292423526D38FB6006DB98E /* Resources */,
			);
			buildRules = (
			);
			dependencies = (
				2292423926D38FB6006DB98E /* PBXTargetDependency */,
			);
			name = TextFieldTests;
			productName = TextFieldTests;
			productReference = 2292423726D38FB6006DB98E /* TextFieldTests.xctest */;
			productType = "com.apple.product-type.bundle.unit-test";
		};
		2292424126D38FB6006DB98E /* TextFieldUITests */ = {
			isa = PBXNativeTarget;
			buildConfigurationList = 2292425126D38FB6006DB98E /* Build configuration list for PBXNativeTarget "TextFieldUITests" */;
			buildPhases = (
				2292423E26D38FB6006DB98E /* Sources */,
				2292423F26D38FB6006DB98E /* Frameworks */,
				2292424026D38FB6006DB98E /* Resources */,
			);
			buildRules = (
			);
			dependencies = (
				2292424426D38FB6006DB98E /* PBXTargetDependency */,
			);
			name = TextFieldUITests;
			productName = TextFieldUITests;
			productReference = 2292424226D38FB6006DB98E /* TextFieldUITests.xctest */;
			productType = "com.apple.product-type.bundle.ui-testing";
		};
/* End PBXNativeTarget section */

/* Begin PBXProject section */
		2292421426D38FB5006DB98E /* Project object */ = {
			isa = PBXProject;
			attributes = {
				LastUpgradeCheck = 1250;
				TargetAttributes = {
					2292421B26D38FB5006DB98E = {
						CreatedOnToolsVersion = 12.5.1;
					};
					2292423626D38FB6006DB98E = {
						CreatedOnToolsVersion = 12.5.1;
						TestTargetID = 2292421B26D38FB5006DB98E;
					};
					2292424126D38FB6006DB98E = {
						CreatedOnToolsVersion = 12.5.1;
						TestTargetID = 2292421B26D38FB5006DB98E;
					};
				};
			};
			buildConfigurationList = 2292421726D38FB5006DB98E /* Build configuration list for PBXProject "TextField" */;
			compatibilityVersion = "Xcode 9.3";
			developmentRegion = en;
			hasScannedForEncodings = 0;
			knownRegions = (
				en,
				Base,
			);
			mainGroup = 2292421326D38FB5006DB98E;
			productRefGroup = 2292421D26D38FB5006DB98E /* Products */;
			projectDirPath = "";
			projectRoot = "";
			targets = (
				2292421B26D38FB5006DB98E /* TextField */,
				2292423626D38FB6006DB98E /* TextFieldTests */,
				2292424126D38FB6006DB98E /* TextFieldUITests */,
			);
		};
/* End PBXProject section */

/* Begin PBXResourcesBuildPhase section */
		2292421A26D38FB5006DB98E /* Resources */ = {
			isa = PBXResourcesBuildPhase;
			buildActionMask = 2147483647;
			files = (
				2292422F26D38FB6006DB98E /* LaunchScreen.storyboard in Resources */,
				2292422C26D38FB6006DB98E /* Assets.xcassets in Resources */,
				2292422A26D38FB5006DB98E /* Main.storyboard in Resources */,
			);
			runOnlyForDeploymentPostprocessing = 0;
		};
		2292423526D38FB6006DB98E /* Resources */ = {
			isa = PBXResourcesBuildPhase;
			buildActionMask = 2147483647;
			files = (
			);
			runOnlyForDeploymentPostprocessing = 0;
		};
		2292424026D38FB6006DB98E /* Resources */ = {
			isa = PBXResourcesBuildPhase;
			buildActionMask = 2147483647;
			files = (
			);
			runOnlyForDeploymentPostprocessing = 0;
		};
/* End PBXResourcesBuildPhase section */

/* Begin PBXSourcesBuildPhase section */
		2292421826D38FB5006DB98E /* Sources */ = {
			isa = PBXSourcesBuildPhase;
			buildActionMask = 2147483647;
			files = (
				2292422726D38FB5006DB98E /* ViewController.m in Sources */,
				2292422126D38FB5006DB98E /* AppDelegate.m in Sources */,
				2292423226D38FB6006DB98E /* main.m in Sources */,
				2292422426D38FB5006DB98E /* SceneDelegate.m in Sources */,
			);
			runOnlyForDeploymentPostprocessing = 0;
		};
		2292423326D38FB6006DB98E /* Sources */ = {
			isa = PBXSourcesBuildPhase;
			buildActionMask = 2147483647;
			files = (
				2292423C26D38FB6006DB98E /* TextFieldTests.m in Sources */,
			);
			runOnlyForDeploymentPostprocessing = 0;
		};
		2292423E26D38FB6006DB98E /* Sources */ = {
			isa = PBXSourcesBuildPhase;
			buildActionMask = 2147483647;
			files = (
				2292424726D38FB6006DB98E /* TextFieldUITests.m in Sources */,
			);
			runOnlyForDeploymentPostprocessing = 0;
		};
/* End PBXSourcesBuildPhase section */

/* Begin PBXTargetDependency section */
		2292423926D38FB6006DB98E /* PBXTargetDependency */ = {
			isa = PBXTargetDependency;
			target = 2292421B26D38FB5006DB98E /* TextField */;
			targetProxy = 2292423826D38FB6006DB98E /* PBXContainerItemProxy */;
		};
		2292424426D38FB6006DB98E /* PBXTargetDependency */ = {
			isa = PBXTargetDependency;
			target = 2292421B26D38FB5006DB98E /* TextField */;
			targetProxy = 2292424326D38FB6006DB98E /* PBXContainerItemProxy */;
		};
/* End PBXTargetDependency section */

/* Begin PBXVariantGroup section */
		2292422826D38FB5006DB98E /* Main.storyboard */ = {
			isa = PBXVariantGroup;
			children = (
				2292422926D38FB5006DB98E /* Base */,
			);
			name = Main.storyboard;
			sourceTree = "<group>";
		};
		2292422D26D38FB6006DB98E /* LaunchScreen.storyboard */ = {
			isa = PBXVariantGroup;
			children = (
				2292422E26D38FB6006DB98E /* Base */,
			);
			name = LaunchScreen.storyboard;
			sourceTree = "<group>";
		};
/* End PBXVariantGroup section */

/* Begin XCBuildConfiguration section */
		2292424926D38FB6006DB98E /* Debug */ = {
			isa = XCBuildConfiguration;
			buildSettings = {
				ALWAYS_SEARCH_USER_PATHS = NO;
				CLANG_ANALYZER_NONNULL = YES;
				CLANG_ANALYZER_NUMBER_OBJECT_CONVERSION = YES_AGGRESSIVE;
				CLANG_CXX_LANGUAGE_STANDARD = "gnu++14";
				CLANG_CXX_LIBRARY = "libc++";
				CLANG_ENABLE_MODULES = YES;
				CLANG_ENABLE_OBJC_ARC = YES;
				CLANG_ENABLE_OBJC_WEAK = YES;
				CLANG_WARN_BLOCK_CAPTURE_AUTORELEASING = YES;
				CLANG_WARN_BOOL_CONVERSION = YES;
				CLANG_WARN_COMMA = YES;
				CLANG_WARN_CONSTANT_CONVERSION = YES;
				CLANG_WARN_DEPRECATED_OBJC_IMPLEMENTATIONS = YES;
				CLANG_WARN_DIRECT_OBJC_ISA_USAGE = YES_ERROR;
				CLANG_WARN_DOCUMENTATION_COMMENTS = YES;
				CLANG_WARN_EMPTY_BODY = YES;
				CLANG_WARN_ENUM_CONVERSION = YES;
				CLANG_WARN_INFINITE_RECURSION = YES;
				CLANG_WARN_INT_CONVERSION = YES;
				CLANG_WARN_NON_LITERAL_NULL_CONVERSION = YES;
				CLANG_WARN_OBJC_IMPLICIT_RETAIN_SELF = YES;
				CLANG_WARN_OBJC_LITERAL_CONVERSION = YES;
				CLANG_WARN_OBJC_ROOT_CLASS = YES_ERROR;
				CLANG_WARN_QUOTED_INCLUDE_IN_FRAMEWORK_HEADER = YES;
				CLANG_WARN_RANGE_LOOP_ANALYSIS = YES;
				CLANG_WARN_STRICT_PROTOTYPES = YES;
				CLANG_WARN_SUSPICIOUS_MOVE = YES;
				CLANG_WARN_UNGUARDED_AVAILABILITY = YES_AGGRESSIVE;
				CLANG_WARN_UNREACHABLE_CODE = YES;
				CLANG_WARN__DUPLICATE_METHOD_MATCH = YES;
				COPY_PHASE_STRIP = NO;
				DEBUG_INFORMATION_FORMAT = dwarf;
				ENABLE_STRICT_OBJC_MSGSEND = YES;
				ENABLE_TESTABILITY = YES;
				GCC_C_LANGUAGE_STANDARD = gnu11;
				GCC_DYNAMIC_NO_PIC = NO;
				GCC_NO_COMMON_BLOCKS = YES;
				GCC_OPTIMIZATION_LEVEL = 0;
				GCC_PREPROCESSOR_DEFINITIONS = (
					"DEBUG=1",
					"$(inherited)",
				);
				GCC_WARN_64_TO_32_BIT_CONVERSION = YES;
				GCC_WARN_ABOUT_RETURN_TYPE = YES_ERROR;
				GCC_WARN_UNDECLARED_SELECTOR = YES;
				GCC_WARN_UNINITIALIZED_AUTOS = YES_AGGRESSIVE;
				GCC_WARN_UNUSED_FUNCTION = YES;
				GCC_WARN_UNUSED_VARIABLE = YES;
				IPHONEOS_DEPLOYMENT_TARGET = 14.5;
				MTL_ENABLE_DEBUG_INFO = INCLUDE_SOURCE;
				MTL_FAST_MATH = YES;
				ONLY_ACTIVE_ARCH = YES;
				SDKROOT = iphoneos;
			};
			name = Debug;
		};
		2292424A26D38FB6006DB98E /* Release */ = {
			isa = XCBuildConfiguration;
			buildSettings = {
				ALWAYS_SEARCH_USER_PATHS = NO;
				CLANG_ANALYZER_NONNULL = YES;
				CLANG_ANALYZER_NUMBER_OBJECT_CONVERSION = YES_AGGRESSIVE;
				CLANG_CXX_LANGUAGE_STANDARD = "gnu++14";
				CLANG_CXX_LIBRARY = "libc++";
				CLANG_ENABLE_MODULES = YES;
				CLANG_ENABLE_OBJC_ARC = YES;
				CLANG_ENABLE_OBJC_WEAK = YES;
				CLANG_WARN_BLOCK_CAPTURE_AUTORELEASING = YES;
				CLANG_WARN_BOOL_CONVERSION = YES;
				CLANG_WARN_COMMA = YES;
				CLANG_WARN_CONSTANT_CONVERSION = YES;
				CLANG_WARN_DEPRECATED_OBJC_IMPLEMENTATIONS = YES;
				CLANG_WARN_DIRECT_OBJC_ISA_USAGE = YES_ERROR;
				CLANG_WARN_DOCUMENTATION_COMMENTS = YES;
				CLANG_WARN_EMPTY_BODY = YES;
				CLANG_WARN_ENUM_CONVERSION = YES;
				CLANG_WARN_INFINITE_RECURSION = YES;
				CLANG_WARN_INT_CONVERSION = YES;
				CLANG_WARN_NON_LITERAL_NULL_CONVERSION = YES;
				CLANG_WARN_OBJC_IMPLICIT_RETAIN_SELF = YES;
				CLANG_WARN_OBJC_LITERAL_CONVERSION = YES;
				CLANG_WARN_OBJC_ROOT_CLASS = YES_ERROR;
				CLANG_WARN_QUOTED_INCLUDE_IN_FRAMEWORK_HEADER = YES;
				CLANG_WARN_RANGE_LOOP_ANALYSIS = YES;
				CLANG_WARN_STRICT_PROTOTYPES = YES;
				CLANG_WARN_SUSPICIOUS_MOVE = YES;
				CLANG_WARN_UNGUARDED_AVAILABILITY = YES_AGGRESSIVE;
				CLANG_WARN_UNREACHABLE_CODE = YES;
				CLANG_WARN__DUPLICATE_METHOD_MATCH = YES;
				COPY_PHASE_STRIP = NO;
				DEBUG_INFORMATION_FORMAT = "dwarf-with-dsym";
				ENABLE_NS_ASSERTIONS = NO;
				ENABLE_STRICT_OBJC_MSGSEND = YES;
				GCC_C_LANGUAGE_STANDARD = gnu11;
				GCC_NO_COMMON_BLOCKS = YES;
				GCC_WARN_64_TO_32_BIT_CONVERSION = YES;
				GCC_WARN_ABOUT_RETURN_TYPE = YES_ERROR;
				GCC_WARN_UNDECLARED_SELECTOR = YES;
				GCC_WARN_UNINITIALIZED_AUTOS = YES_AGGRESSIVE;
				GCC_WARN_UNUSED_FUNCTION = YES;
				GCC_WARN_UNUSED_VARIABLE = YES;
				IPHONEOS_DEPLOYMENT_TARGET = 14.5;
				MTL_ENABLE_DEBUG_INFO = NO;
				MTL_FAST_MATH = YES;
				SDKROOT = iphoneos;
				VALIDATE_PRODUCT = YES;
			};
			name = Release;
		};
		2292424C26D38FB6006DB98E /* Debug */ = {
			isa = XCBuildConfiguration;
			buildSettings = {
				ASSETCATALOG_COMPILER_APPICON_NAME = AppIcon;
				ASSETCATALOG_COMPILER_GLOBAL_ACCENT_COLOR_NAME = AccentColor;
				CODE_SIGN_STYLE = Automatic;
				DEVELOPMENT_TEAM = 9Q6DDFULNZ;
				INFOPLIST_FILE = TextField/Info.plist;
				LD_RUNPATH_SEARCH_PATHS = (
					"$(inherited)",
					"@executable_path/Frameworks",
				);
				PRODUCT_BUNDLE_IDENTIFIER = test.TextField;
				PRODUCT_NAME = "$(TARGET_NAME)";
				TARGETED_DEVICE_FAMILY = "1,2";
			};
			name = Debug;
		};
		2292424D26D38FB6006DB98E /* Release */ = {
			isa = XCBuildConfiguration;
			buildSettings = {
				ASSETCATALOG_COMPILER_APPICON_NAME = AppIcon;
				ASSETCATALOG_COMPILER_GLOBAL_ACCENT_COLOR_NAME = AccentColor;
				CODE_SIGN_STYLE = Automatic;
				DEVELOPMENT_TEAM = 9Q6DDFULNZ;
				INFOPLIST_FILE = TextField/Info.plist;
				LD_RUNPATH_SEARCH_PATHS = (
					"$(inherited)",
					"@executable_path/Frameworks",
				);
				PRODUCT_BUNDLE_IDENTIFIER = test.TextField;
				PRODUCT_NAME = "$(TARGET_NAME)";
				TARGETED_DEVICE_FAMILY = "1,2";
			};
			name = Release;
		};
		2292424F26D38FB6006DB98E /* Debug */ = {
			isa = XCBuildConfiguration;
			buildSettings = {
				BUNDLE_LOADER = "$(TEST_HOST)";
				CODE_SIGN_STYLE = Automatic;
				DEVELOPMENT_TEAM = 9Q6DDFULNZ;
				INFOPLIST_FILE = TextFieldTests/Info.plist;
				IPHONEOS_DEPLOYMENT_TARGET = 14.5;
				LD_RUNPATH_SEARCH_PATHS = (
					"$(inherited)",
					"@executable_path/Frameworks",
					"@loader_path/Frameworks",
				);
				PRODUCT_BUNDLE_IDENTIFIER = test.TextFieldTests;
				PRODUCT_NAME = "$(TARGET_NAME)";
				TARGETED_DEVICE_FAMILY = "1,2";
				TEST_HOST = "$(BUILT_PRODUCTS_DIR)/TextField.app/TextField";
			};
			name = Debug;
		};
		2292425026D38FB6006DB98E /* Release */ = {
			isa = XCBuildConfiguration;
			buildSettings = {
				BUNDLE_LOADER = "$(TEST_HOST)";
				CODE_SIGN_STYLE = Automatic;
				DEVELOPMENT_TEAM = 9Q6DDFULNZ;
				INFOPLIST_FILE = TextFieldTests/Info.plist;
				IPHONEOS_DEPLOYMENT_TARGET = 14.5;
				LD_RUNPATH_SEARCH_PATHS = (
					"$(inherited)",
					"@executable_path/Frameworks",
					"@loader_path/Frameworks",
				);
				PRODUCT_BUNDLE_IDENTIFIER = test.TextFieldTests;
				PRODUCT_NAME = "$(TARGET_NAME)";
				TARGETED_DEVICE_FAMILY = "1,2";
				TEST_HOST = "$(BUILT_PRODUCTS_DIR)/TextField.app/TextField";
			};
			name = Release;
		};
		2292425226D38FB6006DB98E /* Debug */ = {
			isa = XCBuildConfiguration;
			buildSettings = {
				CODE_SIGN_STYLE = Automatic;
				DEVELOPMENT_TEAM = 9Q6DDFULNZ;
				INFOPLIST_FILE = TextFieldUITests/Info.plist;
				LD_RUNPATH_SEARCH_PATHS = (
					"$(inherited)",
					"@executable_path/Frameworks",
					"@loader_path/Frameworks",
				);
				PRODUCT_BUNDLE_IDENTIFIER = test.TextFieldUITests;
				PRODUCT_NAME = "$(TARGET_NAME)";
				TARGETED_DEVICE_FAMILY = "1,2";
				TEST_TARGET_NAME = TextField;
			};
			name = Debug;
		};
		2292425326D38FB6006DB98E /* Release */ = {
			isa = XCBuildConfiguration;
			buildSettings = {
				CODE_SIGN_STYLE = Automatic;
				DEVELOPMENT_TEAM = 9Q6DDFULNZ;
				INFOPLIST_FILE = TextFieldUITests/Info.plist;
				LD_RUNPATH_SEARCH_PATHS = (
					"$(inherited)",
					"@executable_path/Frameworks",
					"@loader_path/Frameworks",
				);
				PRODUCT_BUNDLE_IDENTIFIER = test.TextFieldUITests;
				PRODUCT_NAME = "$(TARGET_NAME)";
				TARGETED_DEVICE_FAMILY = "1,2";
				TEST_TARGET_NAME = TextField;
			};
			name = Release;
		};
/* End XCBuildConfiguration section */

/* Begin XCConfigurationList section */
		2292421726D38FB5006DB98E /* Build configuration list for PBXProject "TextField" */ = {
			isa = XCConfigurationList;
			buildConfigurations = (
				2292424926D38FB6006DB98E /* Debug */,
				2292424A26D38FB6006DB98E /* Release */,
			);
			defaultConfigurationIsVisible = 0;
			defaultConfigurationName = Release;
		};
		2292424B26D38FB6006DB98E /* Build configuration list for PBXNativeTarget "TextField" */ = {
			isa = XCConfigurationList;
			buildConfigurations = (
				2292424C26D38FB6006DB98E /* Debug */,
				2292424D26D38FB6006DB98E /* Release */,
			);
			defaultConfigurationIsVisible = 0;
			defaultConfigurationName = Release;
		};
		2292424E26D38FB6006DB98E /* Build configuration list for PBXNativeTarget "TextFieldTests" */ = {
			isa = XCConfigurationList;
			buildConfigurations = (
				2292424F26D38FB6006DB98E /* Debug */,
				2292425026D38FB6006DB98E /* Release */,
			);
			defaultConfigurationIsVisible = 0;
			defaultConfigurationName = Release;
		};
		2292425126D38FB6006DB98E /* Build configuration list for PBXNativeTarget "TextFieldUITests" */ = {
			isa = XCConfigurationList;
			buildConfigurations = (
				2292425226D38FB6006DB98E /* Debug */,
				2292425326D38FB6006DB98E /* Release */,
			);
			defaultConfigurationIsVisible = 0;
			defaultConfigurationName = Release;
		};
/* End XCConfigurationList section */
	};
	rootObject = 2292421426D38FB5006DB98E /* Project object */;
}
